
Microsoft Visual Studio Solution File, Format Version 12.00
# Visual Studio Version 16
VisualStudioVersion = 16.0.30717.126
MinimumVisualStudioVersion = 10.0.40219.1
Project("{FAE04EC0-301F-11D3-BF4B-00C04F79EFBC}") = "dosyasifrelemeuygulamasi", "dosyasifrelemeuygulamasi\dosyasifrelemeuygulamasi.csproj", "{5FDCD86E-35D3-443A-806F-30D3C219B38D}"
EndProject
Global
	GlobalSection(SolutionConfigurationPlatforms) = preSolution
		Debug|Any CPU = Debug|Any CPU
		Release|Any CPU = Release|Any CPU
	EndGlobalSection
	GlobalSection(ProjectConfigurationPlatforms) = postSolution
		{5FDCD86E-35D3-443A-806F-30D3C219B38D}.Debug|Any CPU.ActiveCfg = Debug|Any CPU
		{5FDCD86E-35D3-443A-806F-30D3C219B38D}.Debug|Any CPU.Build.0 = Debug|Any CPU
		{5FDCD86E-35D3-443A-806F-30D3C219B38D}.Release|Any CPU.ActiveCfg = Release|Any CPU
		{5FDCD86E-35D3-443A-806F-30D3C219B38D}.Release|Any CPU.Build.0 = Release|Any CPU
	EndGlobalSection
	GlobalSection(SolutionProperties) = preSolution
		HideSolutionNode = FALSE
	EndGlobalSection
	GlobalSection(ExtensibilityGlobals) = postSolution
		SolutionGuid = {BB2ADCE8-2555-4F63-9D89-0C4ED426AC37}
	EndGlobalSection
EndGlobal
